
Microsoft Visual Studio Solution File, Format Version 12.00
# Visual Studio Version 16
VisualStudioVersion = 16.0.31321.278
MinimumVisualStudioVersion = 10.0.40219.1
Project("{2150E333-8FDC-42A3-9474-1A3956D46DE8}") = "UI", "UI", "{8887C98D-D7D4-4C38-9D38-6CED57177E74}"
EndProject
Project("{2150E333-8FDC-42A3-9474-1A3956D46DE8}") = "Core", "Core", "{14089951-9E20-4AE9-9920-E34CB6D20FAE}"
EndProject
Project("{9A19103F-16F7-4668-BE54-9A1E7A4F7556}") = "Jarvis.Core", "Jarvis.Core\Jarvis.Core.csproj", "{AAFA7EC1-4B7D-4585-A856-F2C562F234DE}"
EndProject
Project("{2150E333-8FDC-42A3-9474-1A3956D46DE8}") = "Infra.Data", "Infra.Data", "{2DD1BF4F-D7D3-4D08-9165-019AB648DC25}"
EndProject
Project("{9A19103F-16F7-4668-BE54-9A1E7A4F7556}") = "Jarvis.Infra.Data", "Jarvis.Infra.Data\Jarvis.Infra.Data.csproj", "{84330459-E990-4D3F-BA0F-3B9D7921F3D1}"
EndProject
Project("{2150E333-8FDC-42A3-9474-1A3956D46DE8}") = "Domain", "Domain", "{D90701C8-4484-4167-8D1C-F848E66793F7}"
EndProject
Project("{9A19103F-16F7-4668-BE54-9A1E7A4F7556}") = "Jarvis.Domain", "Jarvis.Domain\Jarvis.Domain.csproj", "{9A321B30-30FD-455A-AF21-8C1869462CF3}"
EndProject
Project("{2150E333-8FDC-42A3-9474-1A3956D46DE8}") = "Infra.IoC", "Infra.IoC", "{4B6571D9-27F6-4DDD-A2D8-09786C32701A}"
EndProject
Project("{9A19103F-16F7-4668-BE54-9A1E7A4F7556}") = "Jarvis.Infra.IoC", "Jarvis.Infra.IoC\Jarvis.Infra.IoC.csproj", "{14A74A51-6B69-4F3F-ADFA-E8DFC337B07D}"
EndProject
Project("{FAE04EC0-301F-11D3-BF4B-00C04F79EFBC}") = "Jarvis.VoiceAssistant.Android", "Jarvis.VoiceAssistant\Jarvis.VoiceAssistant.Android\Jarvis.VoiceAssistant.Android.csproj", "{CC32D558-D431-493E-AFE7-7B6AC8A4D10B}"
EndProject
Project("{9A19103F-16F7-4668-BE54-9A1E7A4F7556}") = "Jarvis.VoiceAssistant", "Jarvis.VoiceAssistant\Jarvis.VoiceAssistant\Jarvis.VoiceAssistant.csproj", "{9B0257DF-0656-48A1-B6AE-6E375C49DD09}"
EndProject
Project("{9A19103F-16F7-4668-BE54-9A1E7A4F7556}") = "Jarvis.WebApi", "Jarvis.WebApi\Jarvis.WebApi.csproj", "{18174A6A-BADC-44AB-98E2-7C89F68001E0}"
EndProject
Project("{FAE04EC0-301F-11D3-BF4B-00C04F79EFBC}") = "Jarvis.VoiceAssistant.UWP", "Jarvis.VoiceAssistant\Jarvis.VoiceAssistant.UWP\Jarvis.VoiceAssistant.UWP.csproj", "{A2460C97-ABB8-4D12-BEC8-258DEF3B8638}"
EndProject
Global
	GlobalSection(SolutionConfigurationPlatforms) = preSolution
		Debug|Any CPU = Debug|Any CPU
		Debug|ARM = Debug|ARM
		Debug|ARM64 = Debug|ARM64
		Debug|x64 = Debug|x64
		Debug|x86 = Debug|x86
		Release|Any CPU = Release|Any CPU
		Release|ARM = Release|ARM
		Release|ARM64 = Release|ARM64
		Release|x64 = Release|x64
		Release|x86 = Release|x86
	EndGlobalSection
	GlobalSection(ProjectConfigurationPlatforms) = postSolution
		{AAFA7EC1-4B7D-4585-A856-F2C562F234DE}.Debug|Any CPU.ActiveCfg = Debug|Any CPU
		{AAFA7EC1-4B7D-4585-A856-F2C562F234DE}.Debug|Any CPU.Build.0 = Debug|Any CPU
		{AAFA7EC1-4B7D-4585-A856-F2C562F234DE}.Debug|ARM.ActiveCfg = Debug|Any CPU
		{AAFA7EC1-4B7D-4585-A856-F2C562F234DE}.Debug|ARM.Build.0 = Debug|Any CPU
		{AAFA7EC1-4B7D-4585-A856-F2C562F234DE}.Debug|ARM64.ActiveCfg = Debug|Any CPU
		{AAFA7EC1-4B7D-4585-A856-F2C562F234DE}.Debug|ARM64.Build.0 = Debug|Any CPU
		{AAFA7EC1-4B7D-4585-A856-F2C562F234DE}.Debug|x64.ActiveCfg = Debug|Any CPU
		{AAFA7EC1-4B7D-4585-A856-F2C562F234DE}.Debug|x64.Build.0 = Debug|Any CPU
		{AAFA7EC1-4B7D-4585-A856-F2C562F234DE}.Debug|x86.ActiveCfg = Debug|Any CPU
		{AAFA7EC1-4B7D-4585-A856-F2C562F234DE}.Debug|x86.Build.0 = Debug|Any CPU
		{AAFA7EC1-4B7D-4585-A856-F2C562F234DE}.Release|Any CPU.ActiveCfg = Release|Any CPU
		{AAFA7EC1-4B7D-4585-A856-F2C562F234DE}.Release|Any CPU.Build.0 = Release|Any CPU
		{AAFA7EC1-4B7D-4585-A856-F2C562F234DE}.Release|ARM.ActiveCfg = Release|Any CPU
		{AAFA7EC1-4B7D-4585-A856-F2C562F234DE}.Release|ARM.Build.0 = Release|Any CPU
		{AAFA7EC1-4B7D-4585-A856-F2C562F234DE}.Release|ARM64.ActiveCfg = Release|Any CPU
		{AAFA7EC1-4B7D-4585-A856-F2C562F234DE}.Release|ARM64.Build.0 = Release|Any CPU
		{AAFA7EC1-4B7D-4585-A856-F2C562F234DE}.Release|x64.ActiveCfg = Release|Any CPU
		{AAFA7EC1-4B7D-4585-A856-F2C562F234DE}.Release|x64.Build.0 = Release|Any CPU
		{AAFA7EC1-4B7D-4585-A856-F2C562F234DE}.Release|x86.ActiveCfg = Release|Any CPU
		{AAFA7EC1-4B7D-4585-A856-F2C562F234DE}.Release|x86.Build.0 = Release|Any CPU
		{84330459-E990-4D3F-BA0F-3B9D7921F3D1}.Debug|Any CPU.ActiveCfg = Debug|Any CPU
		{84330459-E990-4D3F-BA0F-3B9D7921F3D1}.Debug|Any CPU.Build.0 = Debug|Any CPU
		{84330459-E990-4D3F-BA0F-3B9D7921F3D1}.Debug|ARM.ActiveCfg = Debug|Any CPU
		{84330459-E990-4D3F-BA0F-3B9D7921F3D1}.Debug|ARM.Build.0 = Debug|Any CPU
		{84330459-E990-4D3F-BA0F-3B9D7921F3D1}.Debug|ARM64.ActiveCfg = Debug|Any CPU
		{84330459-E990-4D3F-BA0F-3B9D7921F3D1}.Debug|ARM64.Build.0 = Debug|Any CPU
		{84330459-E990-4D3F-BA0F-3B9D7921F3D1}.Debug|x64.ActiveCfg = Debug|Any CPU
		{84330459-E990-4D3F-BA0F-3B9D7921F3D1}.Debug|x64.Build.0 = Debug|Any CPU
		{84330459-E990-4D3F-BA0F-3B9D7921F3D1}.Debug|x86.ActiveCfg = Debug|Any CPU
		{84330459-E990-4D3F-BA0F-3B9D7921F3D1}.Debug|x86.Build.0 = Debug|Any CPU
		{84330459-E990-4D3F-BA0F-3B9D7921F3D1}.Release|Any CPU.ActiveCfg = Release|Any CPU
		{84330459-E990-4D3F-BA0F-3B9D7921F3D1}.Release|Any CPU.Build.0 = Release|Any CPU
		{84330459-E990-4D3F-BA0F-3B9D7921F3D1}.Release|ARM.ActiveCfg = Release|Any CPU
		{84330459-E990-4D3F-BA0F-3B9D7921F3D1}.Release|ARM.Build.0 = Release|Any CPU
		{84330459-E990-4D3F-BA0F-3B9D7921F3D1}.Release|ARM64.ActiveCfg = Release|Any CPU
		{84330459-E990-4D3F-BA0F-3B9D7921F3D1}.Release|ARM64.Build.0 = Release|Any CPU
		{84330459-E990-4D3F-BA0F-3B9D7921F3D1}.Release|x64.ActiveCfg = Release|Any CPU
		{84330459-E990-4D3F-BA0F-3B9D7921F3D1}.Release|x64.Build.0 = Release|Any CPU
		{84330459-E990-4D3F-BA0F-3B9D7921F3D1}.Release|x86.ActiveCfg = Release|Any CPU
		{84330459-E990-4D3F-BA0F-3B9D7921F3D1}.Release|x86.Build.0 = Release|Any CPU
		{9A321B30-30FD-455A-AF21-8C1869462CF3}.Debug|Any CPU.ActiveCfg = Debug|Any CPU
		{9A321B30-30FD-455A-AF21-8C1869462CF3}.Debug|Any CPU.Build.0 = Debug|Any CPU
		{9A321B30-30FD-455A-AF21-8C1869462CF3}.Debug|ARM.ActiveCfg = Debug|Any CPU
		{9A321B30-30FD-455A-AF21-8C1869462CF3}.Debug|ARM.Build.0 = Debug|Any CPU
		{9A321B30-30FD-455A-AF21-8C1869462CF3}.Debug|ARM64.ActiveCfg = Debug|Any CPU
		{9A321B30-30FD-455A-AF21-8C1869462CF3}.Debug|ARM64.Build.0 = Debug|Any CPU
		{9A321B30-30FD-455A-AF21-8C1869462CF3}.Debug|x64.ActiveCfg = Debug|Any CPU
		{9A321B30-30FD-455A-AF21-8C1869462CF3}.Debug|x64.Build.0 = Debug|Any CPU
		{9A321B30-30FD-455A-AF21-8C1869462CF3}.Debug|x86.ActiveCfg = Debug|Any CPU
		{9A321B30-30FD-455A-AF21-8C1869462CF3}.Debug|x86.Build.0 = Debug|Any CPU
		{9A321B30-30FD-455A-AF21-8C1869462CF3}.Release|Any CPU.ActiveCfg = Release|Any CPU
		{9A321B30-30FD-455A-AF21-8C1869462CF3}.Release|Any CPU.Build.0 = Release|Any CPU
		{9A321B30-30FD-455A-AF21-8C1869462CF3}.Release|ARM.ActiveCfg = Release|Any CPU
		{9A321B30-30FD-455A-AF21-8C1869462CF3}.Release|ARM.Build.0 = Release|Any CPU
		{9A321B30-30FD-455A-AF21-8C1869462CF3}.Release|ARM64.ActiveCfg = Release|Any CPU
		{9A321B30-30FD-455A-AF21-8C1869462CF3}.Release|ARM64.Build.0 = Release|Any CPU
		{9A321B30-30FD-455A-AF21-8C1869462CF3}.Release|x64.ActiveCfg = Release|Any CPU
		{9A321B30-30FD-455A-AF21-8C1869462CF3}.Release|x64.Build.0 = Release|Any CPU
		{9A321B30-30FD-455A-AF21-8C1869462CF3}.Release|x86.ActiveCfg = Release|Any CPU
		{9A321B30-30FD-455A-AF21-8C1869462CF3}.Release|x86.Build.0 = Release|Any CPU
		{14A74A51-6B69-4F3F-ADFA-E8DFC337B07D}.Debug|Any CPU.ActiveCfg = Debug|Any CPU
		{14A74A51-6B69-4F3F-ADFA-E8DFC337B07D}.Debug|Any CPU.Build.0 = Debug|Any CPU
		{14A74A51-6B69-4F3F-ADFA-E8DFC337B07D}.Debug|ARM.ActiveCfg = Debug|Any CPU
		{14A74A51-6B69-4F3F-ADFA-E8DFC337B07D}.Debug|ARM.Build.0 = Debug|Any CPU
		{14A74A51-6B69-4F3F-ADFA-E8DFC337B07D}.Debug|ARM64.ActiveCfg = Debug|Any CPU
		{14A74A51-6B69-4F3F-ADFA-E8DFC337B07D}.Debug|ARM64.Build.0 = Debug|Any CPU
		{14A74A51-6B69-4F3F-ADFA-E8DFC337B07D}.Debug|x64.ActiveCfg = Debug|Any CPU
		{14A74A51-6B69-4F3F-ADFA-E8DFC337B07D}.Debug|x64.Build.0 = Debug|Any CPU
		{14A74A51-6B69-4F3F-ADFA-E8DFC337B07D}.Debug|x86.ActiveCfg = Debug|Any CPU
		{14A74A51-6B69-4F3F-ADFA-E8DFC337B07D}.Debug|x86.Build.0 = Debug|Any CPU
		{14A74A51-6B69-4F3F-ADFA-E8DFC337B07D}.Release|Any CPU.ActiveCfg = Release|Any CPU
		{14A74A51-6B69-4F3F-ADFA-E8DFC337B07D}.Release|Any CPU.Build.0 = Release|Any CPU
		{14A74A51-6B69-4F3F-ADFA-E8DFC337B07D}.Release|ARM.ActiveCfg = Release|Any CPU
		{14A74A51-6B69-4F3F-ADFA-E8DFC337B07D}.Release|ARM.Build.0 = Release|Any CPU
		{14A74A51-6B69-4F3F-ADFA-E8DFC337B07D}.Release|ARM64.ActiveCfg = Release|Any CPU
		{14A74A51-6B69-4F3F-ADFA-E8DFC337B07D}.Release|ARM64.Build.0 = Release|Any CPU
		{14A74A51-6B69-4F3F-ADFA-E8DFC337B07D}.Release|x64.ActiveCfg = Release|Any CPU
		{14A74A51-6B69-4F3F-ADFA-E8DFC337B07D}.Release|x64.Build.0 = Release|Any CPU
		{14A74A51-6B69-4F3F-ADFA-E8DFC337B07D}.Release|x86.ActiveCfg = Release|Any CPU
		{14A74A51-6B69-4F3F-ADFA-E8DFC337B07D}.Release|x86.Build.0 = Release|Any CPU
		{CC32D558-D431-493E-AFE7-7B6AC8A4D10B}.Debug|Any CPU.ActiveCfg = Debug|Any CPU
		{CC32D558-D431-493E-AFE7-7B6AC8A4D10B}.Debug|Any CPU.Build.0 = Debug|Any CPU
		{CC32D558-D431-493E-AFE7-7B6AC8A4D10B}.Debug|Any CPU.Deploy.0 = Debug|Any CPU
		{CC32D558-D431-493E-AFE7-7B6AC8A4D10B}.Debug|ARM.ActiveCfg = Debug|Any CPU
		{CC32D558-D431-493E-AFE7-7B6AC8A4D10B}.Debug|ARM.Build.0 = Debug|Any CPU
		{CC32D558-D431-493E-AFE7-7B6AC8A4D10B}.Debug|ARM.Deploy.0 = Debug|Any CPU
		{CC32D558-D431-493E-AFE7-7B6AC8A4D10B}.Debug|ARM64.ActiveCfg = Debug|Any CPU
		{CC32D558-D431-493E-AFE7-7B6AC8A4D10B}.Debug|ARM64.Build.0 = Debug|Any CPU
		{CC32D558-D431-493E-AFE7-7B6AC8A4D10B}.Debug|ARM64.Deploy.0 = Debug|Any CPU
		{CC32D558-D431-493E-AFE7-7B6AC8A4D10B}.Debug|x64.ActiveCfg = Debug|Any CPU
		{CC32D558-D431-493E-AFE7-7B6AC8A4D10B}.Debug|x64.Build.0 = Debug|Any CPU
		{CC32D558-D431-493E-AFE7-7B6AC8A4D10B}.Debug|x64.Deploy.0 = Debug|Any CPU
		{CC32D558-D431-493E-AFE7-7B6AC8A4D10B}.Debug|x86.ActiveCfg = Debug|Any CPU
		{CC32D558-D431-493E-AFE7-7B6AC8A4D10B}.Debug|x86.Build.0 = Debug|Any CPU
		{CC32D558-D431-493E-AFE7-7B6AC8A4D10B}.Debug|x86.Deploy.0 = Debug|Any CPU
		{CC32D558-D431-493E-AFE7-7B6AC8A4D10B}.Release|Any CPU.ActiveCfg = Release|Any CPU
		{CC32D558-D431-493E-AFE7-7B6AC8A4D10B}.Release|Any CPU.Build.0 = Release|Any CPU
		{CC32D558-D431-493E-AFE7-7B6AC8A4D10B}.Release|Any CPU.Deploy.0 = Release|Any CPU
		{CC32D558-D431-493E-AFE7-7B6AC8A4D10B}.Release|ARM.ActiveCfg = Release|Any CPU
		{CC32D558-D431-493E-AFE7-7B6AC8A4D10B}.Release|ARM.Build.0 = Release|Any CPU
		{CC32D558-D431-493E-AFE7-7B6AC8A4D10B}.Release|ARM.Deploy.0 = Release|Any CPU
		{CC32D558-D431-493E-AFE7-7B6AC8A4D10B}.Release|ARM64.ActiveCfg = Release|Any CPU
		{CC32D558-D431-493E-AFE7-7B6AC8A4D10B}.Release|ARM64.Build.0 = Release|Any CPU
		{CC32D558-D431-493E-AFE7-7B6AC8A4D10B}.Release|ARM64.Deploy.0 = Release|Any CPU
		{CC32D558-D431-493E-AFE7-7B6AC8A4D10B}.Release|x64.ActiveCfg = Release|Any CPU
		{CC32D558-D431-493E-AFE7-7B6AC8A4D10B}.Release|x64.Build.0 = Release|Any CPU
		{CC32D558-D431-493E-AFE7-7B6AC8A4D10B}.Release|x64.Deploy.0 = Release|Any CPU
		{CC32D558-D431-493E-AFE7-7B6AC8A4D10B}.Release|x86.ActiveCfg = Release|Any CPU
		{CC32D558-D431-493E-AFE7-7B6AC8A4D10B}.Release|x86.Build.0 = Release|Any CPU
		{CC32D558-D431-493E-AFE7-7B6AC8A4D10B}.Release|x86.Deploy.0 = Release|Any CPU
		{9B0257DF-0656-48A1-B6AE-6E375C49DD09}.Debug|Any CPU.ActiveCfg = Debug|Any CPU
		{9B0257DF-0656-48A1-B6AE-6E375C49DD09}.Debug|Any CPU.Build.0 = Debug|Any CPU
		{9B0257DF-0656-48A1-B6AE-6E375C49DD09}.Debug|ARM.ActiveCfg = Debug|Any CPU
		{9B0257DF-0656-48A1-B6AE-6E375C49DD09}.Debug|ARM.Build.0 = Debug|Any CPU
		{9B0257DF-0656-48A1-B6AE-6E375C49DD09}.Debug|ARM64.ActiveCfg = Debug|Any CPU
		{9B0257DF-0656-48A1-B6AE-6E375C49DD09}.Debug|ARM64.Build.0 = Debug|Any CPU
		{9B0257DF-0656-48A1-B6AE-6E375C49DD09}.Debug|x64.ActiveCfg = Debug|Any CPU
		{9B0257DF-0656-48A1-B6AE-6E375C49DD09}.Debug|x64.Build.0 = Debug|Any CPU
		{9B0257DF-0656-48A1-B6AE-6E375C49DD09}.Debug|x86.ActiveCfg = Debug|Any CPU
		{9B0257DF-0656-48A1-B6AE-6E375C49DD09}.Debug|x86.Build.0 = Debug|Any CPU
		{9B0257DF-0656-48A1-B6AE-6E375C49DD09}.Release|Any CPU.ActiveCfg = Release|Any CPU
		{9B0257DF-0656-48A1-B6AE-6E375C49DD09}.Release|Any CPU.Build.0 = Release|Any CPU
		{9B0257DF-0656-48A1-B6AE-6E375C49DD09}.Release|ARM.ActiveCfg = Release|Any CPU
		{9B0257DF-0656-48A1-B6AE-6E375C49DD09}.Release|ARM.Build.0 = Release|Any CPU
		{9B0257DF-0656-48A1-B6AE-6E375C49DD09}.Release|ARM64.ActiveCfg = Release|Any CPU
		{9B0257DF-0656-48A1-B6AE-6E375C49DD09}.Release|ARM64.Build.0 = Release|Any CPU
		{9B0257DF-0656-48A1-B6AE-6E375C49DD09}.Release|x64.ActiveCfg = Release|Any CPU
		{9B0257DF-0656-48A1-B6AE-6E375C49DD09}.Release|x64.Build.0 = Release|Any CPU
		{9B0257DF-0656-48A1-B6AE-6E375C49DD09}.Release|x86.ActiveCfg = Release|Any CPU
		{9B0257DF-0656-48A1-B6AE-6E375C49DD09}.Release|x86.Build.0 = Release|Any CPU
		{18174A6A-BADC-44AB-98E2-7C89F68001E0}.Debug|Any CPU.ActiveCfg = Debug|Any CPU
		{18174A6A-BADC-44AB-98E2-7C89F68001E0}.Debug|Any CPU.Build.0 = Debug|Any CPU
		{18174A6A-BADC-44AB-98E2-7C89F68001E0}.Debug|ARM.ActiveCfg = Debug|Any CPU
		{18174A6A-BADC-44AB-98E2-7C89F68001E0}.Debug|ARM.Build.0 = Debug|Any CPU
		{18174A6A-BADC-44AB-98E2-7C89F68001E0}.Debug|ARM64.ActiveCfg = Debug|Any CPU
		{18174A6A-BADC-44AB-98E2-7C89F68001E0}.Debug|ARM64.Build.0 = Debug|Any CPU
		{18174A6A-BADC-44AB-98E2-7C89F68001E0}.Debug|x64.ActiveCfg = Debug|Any CPU
		{18174A6A-BADC-44AB-98E2-7C89F68001E0}.Debug|x64.Build.0 = Debug|Any CPU
		{18174A6A-BADC-44AB-98E2-7C89F68001E0}.Debug|x86.ActiveCfg = Debug|Any CPU
		{18174A6A-BADC-44AB-98E2-7C89F68001E0}.Debug|x86.Build.0 = Debug|Any CPU
		{18174A6A-BADC-44AB-98E2-7C89F68001E0}.Release|Any CPU.ActiveCfg = Release|Any CPU
		{18174A6A-BADC-44AB-98E2-7C89F68001E0}.Release|Any CPU.Build.0 = Release|Any CPU
		{18174A6A-BADC-44AB-98E2-7C89F68001E0}.Release|ARM.ActiveCfg = Release|Any CPU
		{18174A6A-BADC-44AB-98E2-7C89F68001E0}.Release|ARM.Build.0 = Release|Any CPU
		{18174A6A-BADC-44AB-98E2-7C89F68001E0}.Release|ARM64.ActiveCfg = Release|Any CPU
		{18174A6A-BADC-44AB-98E2-7C89F68001E0}.Release|ARM64.Build.0 = Release|Any CPU
		{18174A6A-BADC-44AB-98E2-7C89F68001E0}.Release|x64.ActiveCfg = Release|Any CPU
		{18174A6A-BADC-44AB-98E2-7C89F68001E0}.Release|x64.Build.0 = Release|Any CPU
		{18174A6A-BADC-44AB-98E2-7C89F68001E0}.Release|x86.ActiveCfg = Release|Any CPU
		{18174A6A-BADC-44AB-98E2-7C89F68001E0}.Release|x86.Build.0 = Release|Any CPU
		{A2460C97-ABB8-4D12-BEC8-258DEF3B8638}.Debug|Any CPU.ActiveCfg = Debug|x86
		{A2460C97-ABB8-4D12-BEC8-258DEF3B8638}.Debug|Any CPU.Build.0 = Debug|x86
		{A2460C97-ABB8-4D12-BEC8-258DEF3B8638}.Debug|Any CPU.Deploy.0 = Debug|x86
		{A2460C97-ABB8-4D12-BEC8-258DEF3B8638}.Debug|ARM.ActiveCfg = Debug|ARM
		{A2460C97-ABB8-4D12-BEC8-258DEF3B8638}.Debug|ARM.Build.0 = Debug|ARM
		{A2460C97-ABB8-4D12-BEC8-258DEF3B8638}.Debug|ARM.Deploy.0 = Debug|ARM
		{A2460C97-ABB8-4D12-BEC8-258DEF3B8638}.Debug|ARM64.ActiveCfg = Debug|ARM64
		{A2460C97-ABB8-4D12-BEC8-258DEF3B8638}.Debug|ARM64.Build.0 = Debug|ARM64
		{A2460C97-ABB8-4D12-BEC8-258DEF3B8638}.Debug|ARM64.Deploy.0 = Debug|ARM64
		{A2460C97-ABB8-4D12-BEC8-258DEF3B8638}.Debug|x64.ActiveCfg = Debug|x64
		{A2460C97-ABB8-4D12-BEC8-258DEF3B8638}.Debug|x64.Build.0 = Debug|x64
		{A2460C97-ABB8-4D12-BEC8-258DEF3B8638}.Debug|x64.Deploy.0 = Debug|x64
		{A2460C97-ABB8-4D12-BEC8-258DEF3B8638}.Debug|x86.ActiveCfg = Debug|x86
		{A2460C97-ABB8-4D12-BEC8-258DEF3B8638}.Debug|x86.Build.0 = Debug|x86
		{A2460C97-ABB8-4D12-BEC8-258DEF3B8638}.Debug|x86.Deploy.0 = Debug|x86
		{A2460C97-ABB8-4D12-BEC8-258DEF3B8638}.Release|Any CPU.ActiveCfg = Release|x86
		{A2460C97-ABB8-4D12-BEC8-258DEF3B8638}.Release|ARM.ActiveCfg = Release|ARM
		{A2460C97-ABB8-4D12-BEC8-258DEF3B8638}.Release|ARM.Build.0 = Release|ARM
		{A2460C97-ABB8-4D12-BEC8-258DEF3B8638}.Release|ARM.Deploy.0 = Release|ARM
		{A2460C97-ABB8-4D12-BEC8-258DEF3B8638}.Release|ARM64.ActiveCfg = Release|ARM64
		{A2460C97-ABB8-4D12-BEC8-258DEF3B8638}.Release|ARM64.Build.0 = Release|ARM64
		{A2460C97-ABB8-4D12-BEC8-258DEF3B8638}.Release|ARM64.Deploy.0 = Release|ARM64
		{A2460C97-ABB8-4D12-BEC8-258DEF3B8638}.Release|x64.ActiveCfg = Release|x64
		{A2460C97-ABB8-4D12-BEC8-258DEF3B8638}.Release|x64.Build.0 = Release|x64
		{A2460C97-ABB8-4D12-BEC8-258DEF3B8638}.Release|x64.Deploy.0 = Release|x64
		{A2460C97-ABB8-4D12-BEC8-258DEF3B8638}.Release|x86.ActiveCfg = Release|x86
		{A2460C97-ABB8-4D12-BEC8-258DEF3B8638}.Release|x86.Build.0 = Release|x86
		{A2460C97-ABB8-4D12-BEC8-258DEF3B8638}.Release|x86.Deploy.0 = Release|x86
	EndGlobalSection
	GlobalSection(SolutionProperties) = preSolution
		HideSolutionNode = FALSE
	EndGlobalSection
	GlobalSection(NestedProjects) = preSolution
		{AAFA7EC1-4B7D-4585-A856-F2C562F234DE} = {14089951-9E20-4AE9-9920-E34CB6D20FAE}
		{84330459-E990-4D3F-BA0F-3B9D7921F3D1} = {2DD1BF4F-D7D3-4D08-9165-019AB648DC25}
		{9A321B30-30FD-455A-AF21-8C1869462CF3} = {D90701C8-4484-4167-8D1C-F848E66793F7}
		{14A74A51-6B69-4F3F-ADFA-E8DFC337B07D} = {4B6571D9-27F6-4DDD-A2D8-09786C32701A}
		{CC32D558-D431-493E-AFE7-7B6AC8A4D10B} = {8887C98D-D7D4-4C38-9D38-6CED57177E74}
		{9B0257DF-0656-48A1-B6AE-6E375C49DD09} = {8887C98D-D7D4-4C38-9D38-6CED57177E74}
		{18174A6A-BADC-44AB-98E2-7C89F68001E0} = {8887C98D-D7D4-4C38-9D38-6CED57177E74}
		{A2460C97-ABB8-4D12-BEC8-258DEF3B8638} = {8887C98D-D7D4-4C38-9D38-6CED57177E74}
	EndGlobalSection
	GlobalSection(ExtensibilityGlobals) = postSolution
		SolutionGuid = {B4F15C50-3A0A-4026-93C7-D3986767B110}
	EndGlobalSection
EndGlobal
